// !$*UTF8*$!
{
	archiveVersion = 1;
	classes = {
	};
	objectVersion = 56;
	objects = {

/* Begin PBXBuildFile section */
		CD5EF1DE2BF9F3B2009167B9 /* User.swift in Sources */ = {isa = PBXBuildFile; fileRef = CD5EF1DD2BF9F3B2009167B9 /* User.swift */; };
		CD5EF1E02BFA601D009167B9 /* CurrentUserProfileView.swift in Sources */ = {isa = PBXBuildFile; fileRef = CD5EF1DF2BFA601D009167B9 /* CurrentUserProfileView.swift */; };
		CD5EF1E22BFA6247009167B9 /* Post.swift in Sources */ = {isa = PBXBuildFile; fileRef = CD5EF1E12BFA6247009167B9 /* Post.swift */; };
		CD9A64102BF4C41900CD5729 /* InstagramApp.swift in Sources */ = {isa = PBXBuildFile; fileRef = CD9A640F2BF4C41900CD5729 /* InstagramApp.swift */; };
		CD9A64122BF4C41900CD5729 /* ContentView.swift in Sources */ = {isa = PBXBuildFile; fileRef = CD9A64112BF4C41900CD5729 /* ContentView.swift */; };
		CD9A64142BF4C41A00CD5729 /* Assets.xcassets in Resources */ = {isa = PBXBuildFile; fileRef = CD9A64132BF4C41A00CD5729 /* Assets.xcassets */; };
		CD9A64182BF4C41A00CD5729 /* Preview Assets.xcassets in Resources */ = {isa = PBXBuildFile; fileRef = CD9A64172BF4C41A00CD5729 /* Preview Assets.xcassets */; };
		CD9A642C2BF4C85600CD5729 /* MainTabView.swift in Sources */ = {isa = PBXBuildFile; fileRef = CD9A642B2BF4C85600CD5729 /* MainTabView.swift */; };
		CD9A642E2BF4D95500CD5729 /* ProfileView.swift in Sources */ = {isa = PBXBuildFile; fileRef = CD9A642D2BF4D95500CD5729 /* ProfileView.swift */; };
		CD9BFFDD2BFFDC0C000C63E7 /* AuthService.swift in Sources */ = {isa = PBXBuildFile; fileRef = CD9BFFDC2BFFDC0C000C63E7 /* AuthService.swift */; };
		CD9BFFE12BFFDD99000C63E7 /* ContentViewModel.swift in Sources */ = {isa = PBXBuildFile; fileRef = CD9BFFE02BFFDD99000C63E7 /* ContentViewModel.swift */; };
		CD9BFFE42C0111BE000C63E7 /* RegistrationViewModel.swift in Sources */ = {isa = PBXBuildFile; fileRef = CD9BFFE32C0111BE000C63E7 /* RegistrationViewModel.swift */; };
		CDAA5B992BFB7301005D0A43 /* PostGridView.swift in Sources */ = {isa = PBXBuildFile; fileRef = CDAA5B982BFB7301005D0A43 /* PostGridView.swift */; };
		CDAA5B9B2BFB7469005D0A43 /* ProfileHeaderView.swift in Sources */ = {isa = PBXBuildFile; fileRef = CDAA5B9A2BFB7469005D0A43 /* ProfileHeaderView.swift */; };
		CDAA5B9D2BFB7563005D0A43 /* UploadPostView.swift in Sources */ = {isa = PBXBuildFile; fileRef = CDAA5B9C2BFB7563005D0A43 /* UploadPostView.swift */; };
		CDAA5B9F2BFCEB91005D0A43 /* UploadPostViewModel.swift in Sources */ = {isa = PBXBuildFile; fileRef = CDAA5B9E2BFCEB91005D0A43 /* UploadPostViewModel.swift */; };
		CDAA5BA12BFE7BB5005D0A43 /* GoogleService-Info.plist in Resources */ = {isa = PBXBuildFile; fileRef = CDAA5BA02BFE7BB5005D0A43 /* GoogleService-Info.plist */; };
		CDAA5BA42BFE7E7D005D0A43 /* FirebaseAuth in Frameworks */ = {isa = PBXBuildFile; productRef = CDAA5BA32BFE7E7D005D0A43 /* FirebaseAuth */; };
		CDAA5BA62BFE7E7D005D0A43 /* FirebaseFirestore in Frameworks */ = {isa = PBXBuildFile; productRef = CDAA5BA52BFE7E7D005D0A43 /* FirebaseFirestore */; };
		CDAA5BA82BFE7E7D005D0A43 /* FirebaseFirestoreSwift in Frameworks */ = {isa = PBXBuildFile; productRef = CDAA5BA72BFE7E7D005D0A43 /* FirebaseFirestoreSwift */; };
		CDAA5BAA2BFE7E7D005D0A43 /* FirebaseStorage in Frameworks */ = {isa = PBXBuildFile; productRef = CDAA5BA92BFE7E7D005D0A43 /* FirebaseStorage */; };
		CDE159BD2BF6124B0088B564 /* UserStackView.swift in Sources */ = {isa = PBXBuildFile; fileRef = CDE159BC2BF6124B0088B564 /* UserStackView.swift */; };
		CDE159BF2BF7452E0088B564 /* FeedView.swift in Sources */ = {isa = PBXBuildFile; fileRef = CDE159BE2BF7452E0088B564 /* FeedView.swift */; };
		CDE159C12BF745350088B564 /* FeedCell.swift in Sources */ = {isa = PBXBuildFile; fileRef = CDE159C02BF745350088B564 /* FeedCell.swift */; };
		CDE159C32BF7CFB60088B564 /* SearchView.swift in Sources */ = {isa = PBXBuildFile; fileRef = CDE159C22BF7CFB60088B564 /* SearchView.swift */; };
		CDE159C52BF7D2920088B564 /* LoginView.swift in Sources */ = {isa = PBXBuildFile; fileRef = CDE159C42BF7D2920088B564 /* LoginView.swift */; };
		CDE159C72BF8DADA0088B564 /* AddEmailView.swift in Sources */ = {isa = PBXBuildFile; fileRef = CDE159C62BF8DADA0088B564 /* AddEmailView.swift */; };
		CDE159C92BF8DCC70088B564 /* IGTextFieldModifier.swift in Sources */ = {isa = PBXBuildFile; fileRef = CDE159C82BF8DCC70088B564 /* IGTextFieldModifier.swift */; };
		CDE159CB2BF8DD890088B564 /* CreateUsernameView.swift in Sources */ = {isa = PBXBuildFile; fileRef = CDE159CA2BF8DD890088B564 /* CreateUsernameView.swift */; };
		CDE159CD2BF8E2F70088B564 /* CreatePasswordView.swift in Sources */ = {isa = PBXBuildFile; fileRef = CDE159CC2BF8E2F70088B564 /* CreatePasswordView.swift */; };
		CDE159CF2BF8E4030088B564 /* CompleteSignUpView.swift in Sources */ = {isa = PBXBuildFile; fileRef = CDE159CE2BF8E4030088B564 /* CompleteSignUpView.swift */; };
		CDE4FA192C04D2530027DB53 /* LoginViewModel.swift in Sources */ = {isa = PBXBuildFile; fileRef = CDE4FA182C04D2530027DB53 /* LoginViewModel.swift */; };
		CDE4FA1B2C0507D20027DB53 /* UserService.swift in Sources */ = {isa = PBXBuildFile; fileRef = CDE4FA1A2C0507D20027DB53 /* UserService.swift */; };
		CDE4FA1F2C0508BA0027DB53 /* SearchViewModel.swift in Sources */ = {isa = PBXBuildFile; fileRef = CDE4FA1E2C0508BA0027DB53 /* SearchViewModel.swift */; };
		CDE4FA212C0511060027DB53 /* EditProfileView.swift in Sources */ = {isa = PBXBuildFile; fileRef = CDE4FA202C0511060027DB53 /* EditProfileView.swift */; };
/* End PBXBuildFile section */

/* Begin PBXFileReference section */
		CD5EF1DD2BF9F3B2009167B9 /* User.swift */ = {isa = PBXFileReference; lastKnownFileType = sourcecode.swift; path = User.swift; sourceTree = "<group>"; };
		CD5EF1DF2BFA601D009167B9 /* CurrentUserProfileView.swift */ = {isa = PBXFileReference; lastKnownFileType = sourcecode.swift; path = CurrentUserProfileView.swift; sourceTree = "<group>"; };
		CD5EF1E12BFA6247009167B9 /* Post.swift */ = {isa = PBXFileReference; lastKnownFileType = sourcecode.swift; path = Post.swift; sourceTree = "<group>"; };
		CD9A640C2BF4C41900CD5729 /* Instagram.app */ = {isa = PBXFileReference; explicitFileType = wrapper.application; includeInIndex = 0; path = Instagram.app; sourceTree = BUILT_PRODUCTS_DIR; };
		CD9A640F2BF4C41900CD5729 /* InstagramApp.swift */ = {isa = PBXFileReference; lastKnownFileType = sourcecode.swift; path = InstagramApp.swift; sourceTree = "<group>"; };
		CD9A64112BF4C41900CD5729 /* ContentView.swift */ = {isa = PBXFileReference; lastKnownFileType = sourcecode.swift; path = ContentView.swift; sourceTree = "<group>"; };
		CD9A64132BF4C41A00CD5729 /* Assets.xcassets */ = {isa = PBXFileReference; lastKnownFileType = folder.assetcatalog; path = Assets.xcassets; sourceTree = "<group>"; };
		CD9A64152BF4C41A00CD5729 /* Instagram.entitlements */ = {isa = PBXFileReference; lastKnownFileType = text.plist.entitlements; path = Instagram.entitlements; sourceTree = "<group>"; };
		CD9A64172BF4C41A00CD5729 /* Preview Assets.xcassets */ = {isa = PBXFileReference; lastKnownFileType = folder.assetcatalog; path = "Preview Assets.xcassets"; sourceTree = "<group>"; };
		CD9A642B2BF4C85600CD5729 /* MainTabView.swift */ = {isa = PBXFileReference; lastKnownFileType = sourcecode.swift; path = MainTabView.swift; sourceTree = "<group>"; };
		CD9A642D2BF4D95500CD5729 /* ProfileView.swift */ = {isa = PBXFileReference; lastKnownFileType = sourcecode.swift; path = ProfileView.swift; sourceTree = "<group>"; };
		CD9BFFDC2BFFDC0C000C63E7 /* AuthService.swift */ = {isa = PBXFileReference; lastKnownFileType = sourcecode.swift; path = AuthService.swift; sourceTree = "<group>"; };
		CD9BFFE02BFFDD99000C63E7 /* ContentViewModel.swift */ = {isa = PBXFileReference; lastKnownFileType = sourcecode.swift; path = ContentViewModel.swift; sourceTree = "<group>"; };
		CD9BFFE32C0111BE000C63E7 /* RegistrationViewModel.swift */ = {isa = PBXFileReference; lastKnownFileType = sourcecode.swift; path = RegistrationViewModel.swift; sourceTree = "<group>"; };
		CDAA5B982BFB7301005D0A43 /* PostGridView.swift */ = {isa = PBXFileReference; lastKnownFileType = sourcecode.swift; path = PostGridView.swift; sourceTree = "<group>"; };
		CDAA5B9A2BFB7469005D0A43 /* ProfileHeaderView.swift */ = {isa = PBXFileReference; lastKnownFileType = sourcecode.swift; path = ProfileHeaderView.swift; sourceTree = "<group>"; };
		CDAA5B9C2BFB7563005D0A43 /* UploadPostView.swift */ = {isa = PBXFileReference; lastKnownFileType = sourcecode.swift; path = UploadPostView.swift; sourceTree = "<group>"; };
		CDAA5B9E2BFCEB91005D0A43 /* UploadPostViewModel.swift */ = {isa = PBXFileReference; lastKnownFileType = sourcecode.swift; path = UploadPostViewModel.swift; sourceTree = "<group>"; };
		CDAA5BA02BFE7BB5005D0A43 /* GoogleService-Info.plist */ = {isa = PBXFileReference; fileEncoding = 4; lastKnownFileType = text.plist.xml; path = "GoogleService-Info.plist"; sourceTree = SOURCE_ROOT; };
		CDE159BC2BF6124B0088B564 /* UserStackView.swift */ = {isa = PBXFileReference; lastKnownFileType = sourcecode.swift; path = UserStackView.swift; sourceTree = "<group>"; };
		CDE159BE2BF7452E0088B564 /* FeedView.swift */ = {isa = PBXFileReference; lastKnownFileType = sourcecode.swift; path = FeedView.swift; sourceTree = "<group>"; };
		CDE159C02BF745350088B564 /* FeedCell.swift */ = {isa = PBXFileReference; lastKnownFileType = sourcecode.swift; path = FeedCell.swift; sourceTree = "<group>"; };
		CDE159C22BF7CFB60088B564 /* SearchView.swift */ = {isa = PBXFileReference; lastKnownFileType = sourcecode.swift; path = SearchView.swift; sourceTree = "<group>"; };
		CDE159C42BF7D2920088B564 /* LoginView.swift */ = {isa = PBXFileReference; lastKnownFileType = sourcecode.swift; path = LoginView.swift; sourceTree = "<group>"; };
		CDE159C62BF8DADA0088B564 /* AddEmailView.swift */ = {isa = PBXFileReference; lastKnownFileType = sourcecode.swift; path = AddEmailView.swift; sourceTree = "<group>"; };
		CDE159C82BF8DCC70088B564 /* IGTextFieldModifier.swift */ = {isa = PBXFileReference; lastKnownFileType = sourcecode.swift; path = IGTextFieldModifier.swift; sourceTree = "<group>"; };
		CDE159CA2BF8DD890088B564 /* CreateUsernameView.swift */ = {isa = PBXFileReference; lastKnownFileType = sourcecode.swift; path = CreateUsernameView.swift; sourceTree = "<group>"; };
		CDE159CC2BF8E2F70088B564 /* CreatePasswordView.swift */ = {isa = PBXFileReference; lastKnownFileType = sourcecode.swift; path = CreatePasswordView.swift; sourceTree = "<group>"; };
		CDE159CE2BF8E4030088B564 /* CompleteSignUpView.swift */ = {isa = PBXFileReference; lastKnownFileType = sourcecode.swift; path = CompleteSignUpView.swift; sourceTree = "<group>"; };
		CDE4FA182C04D2530027DB53 /* LoginViewModel.swift */ = {isa = PBXFileReference; lastKnownFileType = sourcecode.swift; path = LoginViewModel.swift; sourceTree = "<group>"; };
		CDE4FA1A2C0507D20027DB53 /* UserService.swift */ = {isa = PBXFileReference; lastKnownFileType = sourcecode.swift; path = UserService.swift; sourceTree = "<group>"; };
		CDE4FA1E2C0508BA0027DB53 /* SearchViewModel.swift */ = {isa = PBXFileReference; lastKnownFileType = sourcecode.swift; path = SearchViewModel.swift; sourceTree = "<group>"; };
		CDE4FA202C0511060027DB53 /* EditProfileView.swift */ = {isa = PBXFileReference; lastKnownFileType = sourcecode.swift; path = EditProfileView.swift; sourceTree = "<group>"; };
/* End PBXFileReference section */

/* Begin PBXFrameworksBuildPhase section */
		CD9A64092BF4C41900CD5729 /* Frameworks */ = {
			isa = PBXFrameworksBuildPhase;
			buildActionMask = 2147483647;
			files = (
				CDAA5BA42BFE7E7D005D0A43 /* FirebaseAuth in Frameworks */,
				CDAA5BAA2BFE7E7D005D0A43 /* FirebaseStorage in Frameworks */,
				CDAA5BA62BFE7E7D005D0A43 /* FirebaseFirestore in Frameworks */,
				CDAA5BA82BFE7E7D005D0A43 /* FirebaseFirestoreSwift in Frameworks */,
			);
			runOnlyForDeploymentPostprocessing = 0;
		};
/* End PBXFrameworksBuildPhase section */

/* Begin PBXGroup section */
		CD9A64032BF4C41900CD5729 = {
			isa = PBXGroup;
			children = (
				CD9A640E2BF4C41900CD5729 /* Instagram */,
				CD9A640D2BF4C41900CD5729 /* Products */,
			);
			sourceTree = "<group>";
		};
		CD9A640D2BF4C41900CD5729 /* Products */ = {
			isa = PBXGroup;
			children = (
				CD9A640C2BF4C41900CD5729 /* Instagram.app */,
			);
			name = Products;
			sourceTree = "<group>";
		};
		CD9A640E2BF4C41900CD5729 /* Instagram */ = {
			isa = PBXGroup;
			children = (
				CD9A64232BF4C47B00CD5729 /* App */,
				CD9A64222BF4C47A00CD5729 /* Core */,
				CD9A64212BF4C47900CD5729 /* Extensions */,
				CD9A64202BF4C47700CD5729 /* Model */,
				CD9A641E2BF4C47200CD5729 /* Services */,
				CDAA5BA02BFE7BB5005D0A43 /* GoogleService-Info.plist */,
				CD9A64152BF4C41A00CD5729 /* Instagram.entitlements */,
				CD9A64132BF4C41A00CD5729 /* Assets.xcassets */,
				CD9A64162BF4C41A00CD5729 /* Preview Content */,
			);
			path = Instagram;
			sourceTree = "<group>";
		};
		CD9A64162BF4C41A00CD5729 /* Preview Content */ = {
			isa = PBXGroup;
			children = (
				CD9A64172BF4C41A00CD5729 /* Preview Assets.xcassets */,
			);
			path = "Preview Content";
			sourceTree = "<group>";
		};
		CD9A641E2BF4C47200CD5729 /* Services */ = {
			isa = PBXGroup;
			children = (
				CDE4FA1A2C0507D20027DB53 /* UserService.swift */,
			);
			path = Services;
			sourceTree = "<group>";
		};
		CD9A64202BF4C47700CD5729 /* Model */ = {
			isa = PBXGroup;
			children = (
				CD5EF1DD2BF9F3B2009167B9 /* User.swift */,
				CD5EF1E12BFA6247009167B9 /* Post.swift */,
			);
			path = Model;
			sourceTree = "<group>";
		};
		CD9A64212BF4C47900CD5729 /* Extensions */ = {
			isa = PBXGroup;
			children = (
			);
			path = Extensions;
			sourceTree = "<group>";
		};
		CD9A64222BF4C47A00CD5729 /* Core */ = {
			isa = PBXGroup;
			children = (
				CD9A64242BF4C6E200CD5729 /* Authentication */,
				CDE159BB2BF6123F0088B564 /* Components */,
				CD9A64252BF4C6E300CD5729 /* Feed */,
				CD9A64262BF4C6E400CD5729 /* Profile */,
				CD9A64272BF4C6E500CD5729 /* Root */,
				CD9A64282BF4C6E600CD5729 /* Search */,
				CD9A642A2BF4C80500CD5729 /* TabBar */,
				CD9A64292BF4C80400CD5729 /* UploadPost */,
			);
			path = Core;
			sourceTree = "<group>";
		};
		CD9A64232BF4C47B00CD5729 /* App */ = {
			isa = PBXGroup;
			children = (
				CD9A640F2BF4C41900CD5729 /* InstagramApp.swift */,
			);
			path = App;
			sourceTree = "<group>";
		};
		CD9A64242BF4C6E200CD5729 /* Authentication */ = {
			isa = PBXGroup;
			children = (
				CD9BFFDB2BFFDBF9000C63E7 /* Service */,
				CD9BFFDA2BFFDBF0000C63E7 /* View */,
				CD9BFFE22C010F55000C63E7 /* ViewModel */,
			);
			path = Authentication;
			sourceTree = "<group>";
		};
		CD9A64252BF4C6E300CD5729 /* Feed */ = {
			isa = PBXGroup;
			children = (
				CDE159C02BF745350088B564 /* FeedCell.swift */,
				CDE159BE2BF7452E0088B564 /* FeedView.swift */,
			);
			path = Feed;
			sourceTree = "<group>";
		};
		CD9A64262BF4C6E400CD5729 /* Profile */ = {
			isa = PBXGroup;
			children = (
				CD9A642D2BF4D95500CD5729 /* ProfileView.swift */,
				CD5EF1DF2BFA601D009167B9 /* CurrentUserProfileView.swift */,
				CDAA5B9A2BFB7469005D0A43 /* ProfileHeaderView.swift */,
				CDE4FA202C0511060027DB53 /* EditProfileView.swift */,
			);
			path = Profile;
			sourceTree = "<group>";
		};
		CD9A64272BF4C6E500CD5729 /* Root */ = {
			isa = PBXGroup;
			children = (
				CD9BFFDF2BFFDD48000C63E7 /* ViewModel */,
				CD9BFFDE2BFFDD40000C63E7 /* View */,
			);
			path = Root;
			sourceTree = "<group>";
		};
		CD9A64282BF4C6E600CD5729 /* Search */ = {
			isa = PBXGroup;
			children = (
				CDE4FA1C2C0508A20027DB53 /* View */,
				CDE4FA1D2C0508A40027DB53 /* ViewModel */,
			);
			path = Search;
			sourceTree = "<group>";
		};
		CD9A64292BF4C80400CD5729 /* UploadPost */ = {
			isa = PBXGroup;
			children = (
				CDAA5B9C2BFB7563005D0A43 /* UploadPostView.swift */,
				CDAA5B9E2BFCEB91005D0A43 /* UploadPostViewModel.swift */,
			);
			path = UploadPost;
			sourceTree = "<group>";
		};
		CD9A642A2BF4C80500CD5729 /* TabBar */ = {
			isa = PBXGroup;
			children = (
				CD9A642B2BF4C85600CD5729 /* MainTabView.swift */,
			);
			path = TabBar;
			sourceTree = "<group>";
		};
		CD9BFFDA2BFFDBF0000C63E7 /* View */ = {
			isa = PBXGroup;
			children = (
				CDE159C42BF7D2920088B564 /* LoginView.swift */,
				CDE159C62BF8DADA0088B564 /* AddEmailView.swift */,
				CDE159CA2BF8DD890088B564 /* CreateUsernameView.swift */,
				CDE159CC2BF8E2F70088B564 /* CreatePasswordView.swift */,
				CDE159CE2BF8E4030088B564 /* CompleteSignUpView.swift */,
			);
			path = View;
			sourceTree = "<group>";
		};
		CD9BFFDB2BFFDBF9000C63E7 /* Service */ = {
			isa = PBXGroup;
			children = (
				CD9BFFDC2BFFDC0C000C63E7 /* AuthService.swift */,
			);
			path = Service;
			sourceTree = "<group>";
		};
		CD9BFFDE2BFFDD40000C63E7 /* View */ = {
			isa = PBXGroup;
			children = (
				CD9A64112BF4C41900CD5729 /* ContentView.swift */,
			);
			path = View;
			sourceTree = "<group>";
		};
		CD9BFFDF2BFFDD48000C63E7 /* ViewModel */ = {
			isa = PBXGroup;
			children = (
				CD9BFFE02BFFDD99000C63E7 /* ContentViewModel.swift */,
			);
			path = ViewModel;
			sourceTree = "<group>";
		};
		CD9BFFE22C010F55000C63E7 /* ViewModel */ = {
			isa = PBXGroup;
			children = (
				CD9BFFE32C0111BE000C63E7 /* RegistrationViewModel.swift */,
				CDE4FA182C04D2530027DB53 /* LoginViewModel.swift */,
			);
			path = ViewModel;
			sourceTree = "<group>";
		};
		CDE159BB2BF6123F0088B564 /* Components */ = {
			isa = PBXGroup;
			children = (
				CDE159BC2BF6124B0088B564 /* UserStackView.swift */,
				CDE159C82BF8DCC70088B564 /* IGTextFieldModifier.swift */,
				CDAA5B982BFB7301005D0A43 /* PostGridView.swift */,
			);
			path = Components;
			sourceTree = "<group>";
		};
		CDE4FA1C2C0508A20027DB53 /* View */ = {
			isa = PBXGroup;
			children = (
				CDE159C22BF7CFB60088B564 /* SearchView.swift */,
			);
			path = View;
			sourceTree = "<group>";
		};
		CDE4FA1D2C0508A40027DB53 /* ViewModel */ = {
			isa = PBXGroup;
			children = (
				CDE4FA1E2C0508BA0027DB53 /* SearchViewModel.swift */,
			);
			path = ViewModel;
			sourceTree = "<group>";
		};
/* End PBXGroup section */

/* Begin PBXNativeTarget section */
		CD9A640B2BF4C41900CD5729 /* Instagram */ = {
			isa = PBXNativeTarget;
			buildConfigurationList = CD9A641B2BF4C41A00CD5729 /* Build configuration list for PBXNativeTarget "Instagram" */;
			buildPhases = (
				CD9A64082BF4C41900CD5729 /* Sources */,
				CD9A64092BF4C41900CD5729 /* Frameworks */,
				CD9A640A2BF4C41900CD5729 /* Resources */,
			);
			buildRules = (
			);
			dependencies = (
			);
			name = Instagram;
			packageProductDependencies = (
				CDAA5BA32BFE7E7D005D0A43 /* FirebaseAuth */,
				CDAA5BA52BFE7E7D005D0A43 /* FirebaseFirestore */,
				CDAA5BA72BFE7E7D005D0A43 /* FirebaseFirestoreSwift */,
				CDAA5BA92BFE7E7D005D0A43 /* FirebaseStorage */,
			);
			productName = Instagram;
			productReference = CD9A640C2BF4C41900CD5729 /* Instagram.app */;
			productType = "com.apple.product-type.application";
		};
/* End PBXNativeTarget section */

/* Begin PBXProject section */
		CD9A64042BF4C41900CD5729 /* Project object */ = {
			isa = PBXProject;
			attributes = {
				BuildIndependentTargetsInParallel = 1;
				LastSwiftUpdateCheck = 1530;
				LastUpgradeCheck = 1530;
				TargetAttributes = {
					CD9A640B2BF4C41900CD5729 = {
						CreatedOnToolsVersion = 15.3;
					};
				};
			};
			buildConfigurationList = CD9A64072BF4C41900CD5729 /* Build configuration list for PBXProject "Instagram" */;
			compatibilityVersion = "Xcode 14.0";
			developmentRegion = en;
			hasScannedForEncodings = 0;
			knownRegions = (
				en,
				Base,
			);
			mainGroup = CD9A64032BF4C41900CD5729;
			packageReferences = (
				CDAA5BA22BFE7E7D005D0A43 /* XCRemoteSwiftPackageReference "firebase-ios-sdk" */,
			);
			productRefGroup = CD9A640D2BF4C41900CD5729 /* Products */;
			projectDirPath = "";
			projectRoot = "";
			targets = (
				CD9A640B2BF4C41900CD5729 /* Instagram */,
			);
		};
/* End PBXProject section */

/* Begin PBXResourcesBuildPhase section */
		CD9A640A2BF4C41900CD5729 /* Resources */ = {
			isa = PBXResourcesBuildPhase;
			buildActionMask = 2147483647;
			files = (
				CD9A64182BF4C41A00CD5729 /* Preview Assets.xcassets in Resources */,
				CD9A64142BF4C41A00CD5729 /* Assets.xcassets in Resources */,
				CDAA5BA12BFE7BB5005D0A43 /* GoogleService-Info.plist in Resources */,
			);
			runOnlyForDeploymentPostprocessing = 0;
		};
/* End PBXResourcesBuildPhase section */

/* Begin PBXSourcesBuildPhase section */
		CD9A64082BF4C41900CD5729 /* Sources */ = {
			isa = PBXSourcesBuildPhase;
			buildActionMask = 2147483647;
			files = (
				CDE159C12BF745350088B564 /* FeedCell.swift in Sources */,
				CDAA5B9D2BFB7563005D0A43 /* UploadPostView.swift in Sources */,
				CD9A642E2BF4D95500CD5729 /* ProfileView.swift in Sources */,
				CD9A64122BF4C41900CD5729 /* ContentView.swift in Sources */,
				CDE159C52BF7D2920088B564 /* LoginView.swift in Sources */,
				CD9BFFDD2BFFDC0C000C63E7 /* AuthService.swift in Sources */,
				CDE4FA1B2C0507D20027DB53 /* UserService.swift in Sources */,
				CD5EF1E22BFA6247009167B9 /* Post.swift in Sources */,
				CD9A64102BF4C41900CD5729 /* InstagramApp.swift in Sources */,
				CD5EF1E02BFA601D009167B9 /* CurrentUserProfileView.swift in Sources */,
				CDE159C72BF8DADA0088B564 /* AddEmailView.swift in Sources */,
				CDAA5B992BFB7301005D0A43 /* PostGridView.swift in Sources */,
				CDE159CB2BF8DD890088B564 /* CreateUsernameView.swift in Sources */,
				CD9BFFE12BFFDD99000C63E7 /* ContentViewModel.swift in Sources */,
				CDE4FA212C0511060027DB53 /* EditProfileView.swift in Sources */,
				CDE4FA192C04D2530027DB53 /* LoginViewModel.swift in Sources */,
				CD9BFFE42C0111BE000C63E7 /* RegistrationViewModel.swift in Sources */,
				CDAA5B9F2BFCEB91005D0A43 /* UploadPostViewModel.swift in Sources */,
				CDE159CF2BF8E4030088B564 /* CompleteSignUpView.swift in Sources */,
				CD5EF1DE2BF9F3B2009167B9 /* User.swift in Sources */,
				CDE159C32BF7CFB60088B564 /* SearchView.swift in Sources */,
				CDE159C92BF8DCC70088B564 /* IGTextFieldModifier.swift in Sources */,
				CDAA5B9B2BFB7469005D0A43 /* ProfileHeaderView.swift in Sources */,
				CD9A642C2BF4C85600CD5729 /* MainTabView.swift in Sources */,
				CDE159BF2BF7452E0088B564 /* FeedView.swift in Sources */,
				CDE4FA1F2C0508BA0027DB53 /* SearchViewModel.swift in Sources */,
				CDE159BD2BF6124B0088B564 /* UserStackView.swift in Sources */,
				CDE159CD2BF8E2F70088B564 /* CreatePasswordView.swift in Sources */,
			);
			runOnlyForDeploymentPostprocessing = 0;
		};
/* End PBXSourcesBuildPhase section */

/* Begin XCBuildConfiguration section */
		CD9A64192BF4C41A00CD5729 /* Debug */ = {
			isa = XCBuildConfiguration;
			buildSettings = {
				ALWAYS_SEARCH_USER_PATHS = NO;
				ASSETCATALOG_COMPILER_GENERATE_SWIFT_ASSET_SYMBOL_EXTENSIONS = YES;
				CLANG_ANALYZER_NONNULL = YES;
				CLANG_ANALYZER_NUMBER_OBJECT_CONVERSION = YES_AGGRESSIVE;
				CLANG_CXX_LANGUAGE_STANDARD = "gnu++20";
				CLANG_ENABLE_MODULES = YES;
				CLANG_ENABLE_OBJC_ARC = YES;
				CLANG_ENABLE_OBJC_WEAK = YES;
				CLANG_WARN_BLOCK_CAPTURE_AUTORELEASING = YES;
				CLANG_WARN_BOOL_CONVERSION = YES;
				CLANG_WARN_COMMA = YES;
				CLANG_WARN_CONSTANT_CONVERSION = YES;
				CLANG_WARN_DEPRECATED_OBJC_IMPLEMENTATIONS = YES;
				CLANG_WARN_DIRECT_OBJC_ISA_USAGE = YES_ERROR;
				CLANG_WARN_DOCUMENTATION_COMMENTS = YES;
				CLANG_WARN_EMPTY_BODY = YES;
				CLANG_WARN_ENUM_CONVERSION = YES;
				CLANG_WARN_INFINITE_RECURSION = YES;
				CLANG_WARN_INT_CONVERSION = YES;
				CLANG_WARN_NON_LITERAL_NULL_CONVERSION = YES;
				CLANG_WARN_OBJC_IMPLICIT_RETAIN_SELF = YES;
				CLANG_WARN_OBJC_LITERAL_CONVERSION = YES;
				CLANG_WARN_OBJC_ROOT_CLASS = YES_ERROR;
				CLANG_WARN_QUOTED_INCLUDE_IN_FRAMEWORK_HEADER = YES;
				CLANG_WARN_RANGE_LOOP_ANALYSIS = YES;
				CLANG_WARN_STRICT_PROTOTYPES = YES;
				CLANG_WARN_SUSPICIOUS_MOVE = YES;
				CLANG_WARN_UNGUARDED_AVAILABILITY = YES_AGGRESSIVE;
				CLANG_WARN_UNREACHABLE_CODE = YES;
				CLANG_WARN__DUPLICATE_METHOD_MATCH = YES;
				COPY_PHASE_STRIP = NO;
				DEBUG_INFORMATION_FORMAT = dwarf;
				ENABLE_STRICT_OBJC_MSGSEND = YES;
				ENABLE_TESTABILITY = YES;
				ENABLE_USER_SCRIPT_SANDBOXING = YES;
				GCC_C_LANGUAGE_STANDARD = gnu17;
				GCC_DYNAMIC_NO_PIC = NO;
				GCC_NO_COMMON_BLOCKS = YES;
				GCC_OPTIMIZATION_LEVEL = 0;
				GCC_PREPROCESSOR_DEFINITIONS = (
					"DEBUG=1",
					"$(inherited)",
				);
				GCC_WARN_64_TO_32_BIT_CONVERSION = YES;
				GCC_WARN_ABOUT_RETURN_TYPE = YES_ERROR;
				GCC_WARN_UNDECLARED_SELECTOR = YES;
				GCC_WARN_UNINITIALIZED_AUTOS = YES_AGGRESSIVE;
				GCC_WARN_UNUSED_FUNCTION = YES;
				GCC_WARN_UNUSED_VARIABLE = YES;
				LOCALIZATION_PREFERS_STRING_CATALOGS = YES;
				MTL_ENABLE_DEBUG_INFO = INCLUDE_SOURCE;
				MTL_FAST_MATH = YES;
				ONLY_ACTIVE_ARCH = YES;
				SWIFT_ACTIVE_COMPILATION_CONDITIONS = "DEBUG $(inherited)";
				SWIFT_OPTIMIZATION_LEVEL = "-Onone";
			};
			name = Debug;
		};
		CD9A641A2BF4C41A00CD5729 /* Release */ = {
			isa = XCBuildConfiguration;
			buildSettings = {
				ALWAYS_SEARCH_USER_PATHS = NO;
				ASSETCATALOG_COMPILER_GENERATE_SWIFT_ASSET_SYMBOL_EXTENSIONS = YES;
				CLANG_ANALYZER_NONNULL = YES;
				CLANG_ANALYZER_NUMBER_OBJECT_CONVERSION = YES_AGGRESSIVE;
				CLANG_CXX_LANGUAGE_STANDARD = "gnu++20";
				CLANG_ENABLE_MODULES = YES;
				CLANG_ENABLE_OBJC_ARC = YES;
				CLANG_ENABLE_OBJC_WEAK = YES;
				CLANG_WARN_BLOCK_CAPTURE_AUTORELEASING = YES;
				CLANG_WARN_BOOL_CONVERSION = YES;
				CLANG_WARN_COMMA = YES;
				CLANG_WARN_CONSTANT_CONVERSION = YES;
				CLANG_WARN_DEPRECATED_OBJC_IMPLEMENTATIONS = YES;
				CLANG_WARN_DIRECT_OBJC_ISA_USAGE = YES_ERROR;
				CLANG_WARN_DOCUMENTATION_COMMENTS = YES;
				CLANG_WARN_EMPTY_BODY = YES;
				CLANG_WARN_ENUM_CONVERSION = YES;
				CLANG_WARN_INFINITE_RECURSION = YES;
				CLANG_WARN_INT_CONVERSION = YES;
				CLANG_WARN_NON_LITERAL_NULL_CONVERSION = YES;
				CLANG_WARN_OBJC_IMPLICIT_RETAIN_SELF = YES;
				CLANG_WARN_OBJC_LITERAL_CONVERSION = YES;
				CLANG_WARN_OBJC_ROOT_CLASS = YES_ERROR;
				CLANG_WARN_QUOTED_INCLUDE_IN_FRAMEWORK_HEADER = YES;
				CLANG_WARN_RANGE_LOOP_ANALYSIS = YES;
				CLANG_WARN_STRICT_PROTOTYPES = YES;
				CLANG_WARN_SUSPICIOUS_MOVE = YES;
				CLANG_WARN_UNGUARDED_AVAILABILITY = YES_AGGRESSIVE;
				CLANG_WARN_UNREACHABLE_CODE = YES;
				CLANG_WARN__DUPLICATE_METHOD_MATCH = YES;
				COPY_PHASE_STRIP = NO;
				DEBUG_INFORMATION_FORMAT = "dwarf-with-dsym";
				ENABLE_NS_ASSERTIONS = NO;
				ENABLE_STRICT_OBJC_MSGSEND = YES;
				ENABLE_USER_SCRIPT_SANDBOXING = YES;
				GCC_C_LANGUAGE_STANDARD = gnu17;
				GCC_NO_COMMON_BLOCKS = YES;
				GCC_WARN_64_TO_32_BIT_CONVERSION = YES;
				GCC_WARN_ABOUT_RETURN_TYPE = YES_ERROR;
				GCC_WARN_UNDECLARED_SELECTOR = YES;
				GCC_WARN_UNINITIALIZED_AUTOS = YES_AGGRESSIVE;
				GCC_WARN_UNUSED_FUNCTION = YES;
				GCC_WARN_UNUSED_VARIABLE = YES;
				LOCALIZATION_PREFERS_STRING_CATALOGS = YES;
				MTL_ENABLE_DEBUG_INFO = NO;
				MTL_FAST_MATH = YES;
				SWIFT_COMPILATION_MODE = wholemodule;
			};
			name = Release;
		};
		CD9A641C2BF4C41A00CD5729 /* Debug */ = {
			isa = XCBuildConfiguration;
			buildSettings = {
				ASSETCATALOG_COMPILER_APPICON_NAME = AppIcon;
				ASSETCATALOG_COMPILER_GLOBAL_ACCENT_COLOR_NAME = AccentColor;
				CODE_SIGN_ENTITLEMENTS = Instagram/Instagram.entitlements;
				CODE_SIGN_STYLE = Automatic;
				CURRENT_PROJECT_VERSION = 1;
				DEVELOPMENT_ASSET_PATHS = "\"Instagram/Preview Content\"";
				DEVELOPMENT_TEAM = HN9GG893K9;
				ENABLE_HARDENED_RUNTIME = YES;
				ENABLE_PREVIEWS = YES;
				GENERATE_INFOPLIST_FILE = YES;
				"INFOPLIST_KEY_UIApplicationSceneManifest_Generation[sdk=iphoneos*]" = YES;
				"INFOPLIST_KEY_UIApplicationSceneManifest_Generation[sdk=iphonesimulator*]" = YES;
				"INFOPLIST_KEY_UIApplicationSupportsIndirectInputEvents[sdk=iphoneos*]" = YES;
				"INFOPLIST_KEY_UIApplicationSupportsIndirectInputEvents[sdk=iphonesimulator*]" = YES;
				"INFOPLIST_KEY_UILaunchScreen_Generation[sdk=iphoneos*]" = YES;
				"INFOPLIST_KEY_UILaunchScreen_Generation[sdk=iphonesimulator*]" = YES;
				"INFOPLIST_KEY_UIStatusBarStyle[sdk=iphoneos*]" = UIStatusBarStyleDefault;
				"INFOPLIST_KEY_UIStatusBarStyle[sdk=iphonesimulator*]" = UIStatusBarStyleDefault;
				INFOPLIST_KEY_UISupportedInterfaceOrientations_iPad = "UIInterfaceOrientationPortrait UIInterfaceOrientationPortraitUpsideDown UIInterfaceOrientationLandscapeLeft UIInterfaceOrientationLandscapeRight";
				INFOPLIST_KEY_UISupportedInterfaceOrientations_iPhone = "UIInterfaceOrientationPortrait UIInterfaceOrientationLandscapeLeft UIInterfaceOrientationLandscapeRight";
				IPHONEOS_DEPLOYMENT_TARGET = 17.4;
				LD_RUNPATH_SEARCH_PATHS = "@executable_path/Frameworks";
				"LD_RUNPATH_SEARCH_PATHS[sdk=macosx*]" = "@executable_path/../Frameworks";
				MACOSX_DEPLOYMENT_TARGET = 14.4;
				MARKETING_VERSION = 1.0;
				PRODUCT_BUNDLE_IDENTIFIER = com.denysooz.Instagram;
				PRODUCT_NAME = "$(TARGET_NAME)";
				SDKROOT = auto;
				SUPPORTED_PLATFORMS = "iphoneos iphonesimulator macosx";
				SWIFT_EMIT_LOC_STRINGS = YES;
				SWIFT_VERSION = 5.0;
				TARGETED_DEVICE_FAMILY = "1,2";
			};
			name = Debug;
		};
		CD9A641D2BF4C41A00CD5729 /* Release */ = {
			isa = XCBuildConfiguration;
			buildSettings = {
				ASSETCATALOG_COMPILER_APPICON_NAME = AppIcon;
				ASSETCATALOG_COMPILER_GLOBAL_ACCENT_COLOR_NAME = AccentColor;
				CODE_SIGN_ENTITLEMENTS = Instagram/Instagram.entitlements;
				CODE_SIGN_STYLE = Automatic;
				CURRENT_PROJECT_VERSION = 1;
				DEVELOPMENT_ASSET_PATHS = "\"Instagram/Preview Content\"";
				DEVELOPMENT_TEAM = HN9GG893K9;
				ENABLE_HARDENED_RUNTIME = YES;
				ENABLE_PREVIEWS = YES;
				GENERATE_INFOPLIST_FILE = YES;
				"INFOPLIST_KEY_UIApplicationSceneManifest_Generation[sdk=iphoneos*]" = YES;
				"INFOPLIST_KEY_UIApplicationSceneManifest_Generation[sdk=iphonesimulator*]" = YES;
				"INFOPLIST_KEY_UIApplicationSupportsIndirectInputEvents[sdk=iphoneos*]" = YES;
				"INFOPLIST_KEY_UIApplicationSupportsIndirectInputEvents[sdk=iphonesimulator*]" = YES;
				"INFOPLIST_KEY_UILaunchScreen_Generation[sdk=iphoneos*]" = YES;
				"INFOPLIST_KEY_UILaunchScreen_Generation[sdk=iphonesimulator*]" = YES;
				"INFOPLIST_KEY_UIStatusBarStyle[sdk=iphoneos*]" = UIStatusBarStyleDefault;
				"INFOPLIST_KEY_UIStatusBarStyle[sdk=iphonesimulator*]" = UIStatusBarStyleDefault;
				INFOPLIST_KEY_UISupportedInterfaceOrientations_iPad = "UIInterfaceOrientationPortrait UIInterfaceOrientationPortraitUpsideDown UIInterfaceOrientationLandscapeLeft UIInterfaceOrientationLandscapeRight";
				INFOPLIST_KEY_UISupportedInterfaceOrientations_iPhone = "UIInterfaceOrientationPortrait UIInterfaceOrientationLandscapeLeft UIInterfaceOrientationLandscapeRight";
				IPHONEOS_DEPLOYMENT_TARGET = 17.4;
				LD_RUNPATH_SEARCH_PATHS = "@executable_path/Frameworks";
				"LD_RUNPATH_SEARCH_PATHS[sdk=macosx*]" = "@executable_path/../Frameworks";
				MACOSX_DEPLOYMENT_TARGET = 14.4;
				MARKETING_VERSION = 1.0;
				PRODUCT_BUNDLE_IDENTIFIER = com.denysooz.Instagram;
				PRODUCT_NAME = "$(TARGET_NAME)";
				SDKROOT = auto;
				SUPPORTED_PLATFORMS = "iphoneos iphonesimulator macosx";
				SWIFT_EMIT_LOC_STRINGS = YES;
				SWIFT_VERSION = 5.0;
				TARGETED_DEVICE_FAMILY = "1,2";
			};
			name = Release;
		};
/* End XCBuildConfiguration section */

/* Begin XCConfigurationList section */
		CD9A64072BF4C41900CD5729 /* Build configuration list for PBXProject "Instagram" */ = {
			isa = XCConfigurationList;
			buildConfigurations = (
				CD9A64192BF4C41A00CD5729 /* Debug */,
				CD9A641A2BF4C41A00CD5729 /* Release */,
			);
			defaultConfigurationIsVisible = 0;
			defaultConfigurationName = Release;
		};
		CD9A641B2BF4C41A00CD5729 /* Build configuration list for PBXNativeTarget "Instagram" */ = {
			isa = XCConfigurationList;
			buildConfigurations = (
				CD9A641C2BF4C41A00CD5729 /* Debug */,
				CD9A641D2BF4C41A00CD5729 /* Release */,
			);
			defaultConfigurationIsVisible = 0;
			defaultConfigurationName = Release;
		};
/* End XCConfigurationList section */

/* Begin XCRemoteSwiftPackageReference section */
		CDAA5BA22BFE7E7D005D0A43 /* XCRemoteSwiftPackageReference "firebase-ios-sdk" */ = {
			isa = XCRemoteSwiftPackageReference;
			repositoryURL = "https://github.com/firebase/firebase-ios-sdk";
			requirement = {
				kind = upToNextMajorVersion;
				minimumVersion = 10.26.0;
			};
		};
/* End XCRemoteSwiftPackageReference section */

/* Begin XCSwiftPackageProductDependency section */
		CDAA5BA32BFE7E7D005D0A43 /* FirebaseAuth */ = {
			isa = XCSwiftPackageProductDependency;
			package = CDAA5BA22BFE7E7D005D0A43 /* XCRemoteSwiftPackageReference "firebase-ios-sdk" */;
			productName = FirebaseAuth;
		};
		CDAA5BA52BFE7E7D005D0A43 /* FirebaseFirestore */ = {
			isa = XCSwiftPackageProductDependency;
			package = CDAA5BA22BFE7E7D005D0A43 /* XCRemoteSwiftPackageReference "firebase-ios-sdk" */;
			productName = FirebaseFirestore;
		};
		CDAA5BA72BFE7E7D005D0A43 /* FirebaseFirestoreSwift */ = {
			isa = XCSwiftPackageProductDependency;
			package = CDAA5BA22BFE7E7D005D0A43 /* XCRemoteSwiftPackageReference "firebase-ios-sdk" */;
			productName = FirebaseFirestoreSwift;
		};
		CDAA5BA92BFE7E7D005D0A43 /* FirebaseStorage */ = {
			isa = XCSwiftPackageProductDependency;
			package = CDAA5BA22BFE7E7D005D0A43 /* XCRemoteSwiftPackageReference "firebase-ios-sdk" */;
			productName = FirebaseStorage;
		};
/* End XCSwiftPackageProductDependency section */
	};
	rootObject = CD9A64042BF4C41900CD5729 /* Project object */;
}
